// !$*UTF8*$!
{
	archiveVersion = 1;
	classes = {
	};
	objectVersion = 56;
	objects = {

/* Begin PBXBuildFile section */
		780915BD2BECD91800654352 /* QuizzView.swift in Sources */ = {isa = PBXBuildFile; fileRef = 780915BC2BECD91800654352 /* QuizzView.swift */; };
		780915BF2BEE26C800654352 /* WordReviewView.swift in Sources */ = {isa = PBXBuildFile; fileRef = 780915BE2BEE26C800654352 /* WordReviewView.swift */; };
		780915C12BF21BF300654352 /* HomeView.swift in Sources */ = {isa = PBXBuildFile; fileRef = 780915C02BF21BF300654352 /* HomeView.swift */; };
		780915C32BF268E300654352 /* DiagramListView.swift in Sources */ = {isa = PBXBuildFile; fileRef = 780915C22BF268E300654352 /* DiagramListView.swift */; };
		780915C52BF3557B00654352 /* DiagramModel.swift in Sources */ = {isa = PBXBuildFile; fileRef = 780915C42BF3557B00654352 /* DiagramModel.swift */; };
		780915C72BF3DFD700654352 /* ImageDiagramView.swift in Sources */ = {isa = PBXBuildFile; fileRef = 780915C62BF3DFD700654352 /* ImageDiagramView.swift */; };
		780915C92BF4A38900654352 /* DiagramLabelModel.swift in Sources */ = {isa = PBXBuildFile; fileRef = 780915C82BF4A38900654352 /* DiagramLabelModel.swift */; };
		780BDD082BFF24EE00AA899F /* ZoomView.swift in Sources */ = {isa = PBXBuildFile; fileRef = 780BDD072BFF24EE00AA899F /* ZoomView.swift */; };
		78340D8C2BF4F94800A229FF /* DiagramButtonView.swift in Sources */ = {isa = PBXBuildFile; fileRef = 78340D8B2BF4F94800A229FF /* DiagramButtonView.swift */; };
		78340D8E2BF4FB8900A229FF /* SearchBarView.swift in Sources */ = {isa = PBXBuildFile; fileRef = 78340D8D2BF4FB8900A229FF /* SearchBarView.swift */; };
		788AED692BE8DD2700D03FCC /* MacroApp.swift in Sources */ = {isa = PBXBuildFile; fileRef = 788AED682BE8DD2700D03FCC /* MacroApp.swift */; };
		788AED6B2BE8DD2700D03FCC /* ContentView.swift in Sources */ = {isa = PBXBuildFile; fileRef = 788AED6A2BE8DD2700D03FCC /* ContentView.swift */; };
		788AED6D2BE8DD2B00D03FCC /* Assets.xcassets in Resources */ = {isa = PBXBuildFile; fileRef = 788AED6C2BE8DD2B00D03FCC /* Assets.xcassets */; };
		788AED712BE8DD2B00D03FCC /* Preview Assets.xcassets in Resources */ = {isa = PBXBuildFile; fileRef = 788AED702BE8DD2B00D03FCC /* Preview Assets.xcassets */; };
		78C588B12BFF2E1300D6C5DF /* ImageReviewView.swift in Sources */ = {isa = PBXBuildFile; fileRef = 78C588B02BFF2E1300D6C5DF /* ImageReviewView.swift */; };
		B30284862BE98C9A0046DBD2 /* CameraView.swift in Sources */ = {isa = PBXBuildFile; fileRef = B30284852BE98C9A0046DBD2 /* CameraView.swift */; };
		B30284882BE98CF90046DBD2 /* TextRecognition.swift in Sources */ = {isa = PBXBuildFile; fileRef = B30284872BE98CF90046DBD2 /* TextRecognition.swift */; };
		B30284922BEC26C90046DBD2 /* RectanglesOverlayView.swift in Sources */ = {isa = PBXBuildFile; fileRef = B30284912BEC26C90046DBD2 /* RectanglesOverlayView.swift */; };
		B3A7099C2BFF485200C57DC0 /* Functions.swift in Sources */ = {isa = PBXBuildFile; fileRef = B3A7099B2BFF485200C57DC0 /* Functions.swift */; };
/* End PBXBuildFile section */

/* Begin PBXFileReference section */
		780915BC2BECD91800654352 /* QuizzView.swift */ = {isa = PBXFileReference; lastKnownFileType = sourcecode.swift; path = QuizzView.swift; sourceTree = "<group>"; };
		780915BE2BEE26C800654352 /* WordReviewView.swift */ = {isa = PBXFileReference; lastKnownFileType = sourcecode.swift; path = WordReviewView.swift; sourceTree = "<group>"; };
		780915C02BF21BF300654352 /* HomeView.swift */ = {isa = PBXFileReference; lastKnownFileType = sourcecode.swift; path = HomeView.swift; sourceTree = "<group>"; };
		780915C22BF268E300654352 /* DiagramListView.swift */ = {isa = PBXFileReference; lastKnownFileType = sourcecode.swift; path = DiagramListView.swift; sourceTree = "<group>"; };
		780915C42BF3557B00654352 /* DiagramModel.swift */ = {isa = PBXFileReference; lastKnownFileType = sourcecode.swift; path = DiagramModel.swift; sourceTree = "<group>"; };
		780915C62BF3DFD700654352 /* ImageDiagramView.swift */ = {isa = PBXFileReference; lastKnownFileType = sourcecode.swift; path = ImageDiagramView.swift; sourceTree = "<group>"; };
		780915C82BF4A38900654352 /* DiagramLabelModel.swift */ = {isa = PBXFileReference; lastKnownFileType = sourcecode.swift; path = DiagramLabelModel.swift; sourceTree = "<group>"; };
		780BDD072BFF24EE00AA899F /* ZoomView.swift */ = {isa = PBXFileReference; lastKnownFileType = sourcecode.swift; path = ZoomView.swift; sourceTree = "<group>"; };
		78340D8B2BF4F94800A229FF /* DiagramButtonView.swift */ = {isa = PBXFileReference; lastKnownFileType = sourcecode.swift; path = DiagramButtonView.swift; sourceTree = "<group>"; };
		78340D8D2BF4FB8900A229FF /* SearchBarView.swift */ = {isa = PBXFileReference; lastKnownFileType = sourcecode.swift; path = SearchBarView.swift; sourceTree = "<group>"; };
		788AED652BE8DD2700D03FCC /* Macro.app */ = {isa = PBXFileReference; explicitFileType = wrapper.application; includeInIndex = 0; path = Macro.app; sourceTree = BUILT_PRODUCTS_DIR; };
		788AED682BE8DD2700D03FCC /* MacroApp.swift */ = {isa = PBXFileReference; lastKnownFileType = sourcecode.swift; path = MacroApp.swift; sourceTree = "<group>"; };
		788AED6A2BE8DD2700D03FCC /* ContentView.swift */ = {isa = PBXFileReference; lastKnownFileType = sourcecode.swift; path = ContentView.swift; sourceTree = "<group>"; };
		788AED6C2BE8DD2B00D03FCC /* Assets.xcassets */ = {isa = PBXFileReference; lastKnownFileType = folder.assetcatalog; path = Assets.xcassets; sourceTree = "<group>"; };
		788AED6E2BE8DD2B00D03FCC /* Macro.entitlements */ = {isa = PBXFileReference; lastKnownFileType = text.plist.entitlements; path = Macro.entitlements; sourceTree = "<group>"; };
		788AED702BE8DD2B00D03FCC /* Preview Assets.xcassets */ = {isa = PBXFileReference; lastKnownFileType = folder.assetcatalog; path = "Preview Assets.xcassets"; sourceTree = "<group>"; };
		78C588B02BFF2E1300D6C5DF /* ImageReviewView.swift */ = {isa = PBXFileReference; lastKnownFileType = sourcecode.swift; path = ImageReviewView.swift; sourceTree = "<group>"; };
		B30284852BE98C9A0046DBD2 /* CameraView.swift */ = {isa = PBXFileReference; lastKnownFileType = sourcecode.swift; path = CameraView.swift; sourceTree = "<group>"; };
		B30284872BE98CF90046DBD2 /* TextRecognition.swift */ = {isa = PBXFileReference; lastKnownFileType = sourcecode.swift; path = TextRecognition.swift; sourceTree = "<group>"; };
		B30284912BEC26C90046DBD2 /* RectanglesOverlayView.swift */ = {isa = PBXFileReference; lastKnownFileType = sourcecode.swift; path = RectanglesOverlayView.swift; sourceTree = "<group>"; };
		B3A7099B2BFF485200C57DC0 /* Functions.swift */ = {isa = PBXFileReference; lastKnownFileType = sourcecode.swift; path = Functions.swift; sourceTree = "<group>"; };
/* End PBXFileReference section */

/* Begin PBXFrameworksBuildPhase section */
		788AED622BE8DD2700D03FCC /* Frameworks */ = {
			isa = PBXFrameworksBuildPhase;
			buildActionMask = 2147483647;
			files = (
			);
			runOnlyForDeploymentPostprocessing = 0;
		};
/* End PBXFrameworksBuildPhase section */

/* Begin PBXGroup section */
		6B6A030E2BFF322C00E14C79 /* Utils */ = {
			isa = PBXGroup;
			children = (
				B30284872BE98CF90046DBD2 /* TextRecognition.swift */,
				B3A7099B2BFF485200C57DC0 /* Functions.swift */,
			);
			path = Utils;
			sourceTree = "<group>";
		};
		780BDD092BFF2A2B00AA899F /* Models */ = {
			isa = PBXGroup;
			children = (
				780915C82BF4A38900654352 /* DiagramLabelModel.swift */,
				780915C42BF3557B00654352 /* DiagramModel.swift */,
			);
			path = Models;
			sourceTree = "<group>";
		};
		780BDD0A2BFF2B0F00AA899F /* Views */ = {
			isa = PBXGroup;
			children = (
				788AED6A2BE8DD2700D03FCC /* ContentView.swift */,
				780BDD072BFF24EE00AA899F /* ZoomView.swift */,
				B30284852BE98C9A0046DBD2 /* CameraView.swift */,
				B30284912BEC26C90046DBD2 /* RectanglesOverlayView.swift */,
				780915BC2BECD91800654352 /* QuizzView.swift */,
				780915BE2BEE26C800654352 /* WordReviewView.swift */,
				780915C22BF268E300654352 /* DiagramListView.swift */,
				780915C02BF21BF300654352 /* HomeView.swift */,
				780915C62BF3DFD700654352 /* ImageDiagramView.swift */,
				78340D8B2BF4F94800A229FF /* DiagramButtonView.swift */,
				78340D8D2BF4FB8900A229FF /* SearchBarView.swift */,
				78C588B02BFF2E1300D6C5DF /* ImageReviewView.swift */,
			);
			path = Views;
			sourceTree = "<group>";
		};
		788AED5C2BE8DD2700D03FCC = {
			isa = PBXGroup;
			children = (
				788AED672BE8DD2700D03FCC /* Macro */,
				788AED662BE8DD2700D03FCC /* Products */,
			);
			sourceTree = "<group>";
		};
		788AED662BE8DD2700D03FCC /* Products */ = {
			isa = PBXGroup;
			children = (
				788AED652BE8DD2700D03FCC /* Macro.app */,
			);
			name = Products;
			sourceTree = "<group>";
		};
		788AED672BE8DD2700D03FCC /* Macro */ = {
			isa = PBXGroup;
			children = (
				788AED682BE8DD2700D03FCC /* MacroApp.swift */,
				780BDD0A2BFF2B0F00AA899F /* Views */,
				6B6A030E2BFF322C00E14C79 /* Utils */,
				788AED6C2BE8DD2B00D03FCC /* Assets.xcassets */,
				788AED6E2BE8DD2B00D03FCC /* Macro.entitlements */,
				780BDD092BFF2A2B00AA899F /* Models */,
				788AED6F2BE8DD2B00D03FCC /* Preview Content */,
			);
			path = Macro;
			sourceTree = "<group>";
		};
		788AED6F2BE8DD2B00D03FCC /* Preview Content */ = {
			isa = PBXGroup;
			children = (
				788AED702BE8DD2B00D03FCC /* Preview Assets.xcassets */,
			);
			path = "Preview Content";
			sourceTree = "<group>";
		};
/* End PBXGroup section */

/* Begin PBXNativeTarget section */
		788AED642BE8DD2700D03FCC /* Macro */ = {
			isa = PBXNativeTarget;
			buildConfigurationList = 788AED742BE8DD2B00D03FCC /* Build configuration list for PBXNativeTarget "Macro" */;
			buildPhases = (
				788AED612BE8DD2700D03FCC /* Sources */,
				788AED622BE8DD2700D03FCC /* Frameworks */,
				788AED632BE8DD2700D03FCC /* Resources */,
			);
			buildRules = (
			);
			dependencies = (
			);
			name = Macro;
			productName = Macro;
			productReference = 788AED652BE8DD2700D03FCC /* Macro.app */;
			productType = "com.apple.product-type.application";
		};
/* End PBXNativeTarget section */

/* Begin PBXProject section */
		788AED5D2BE8DD2700D03FCC /* Project object */ = {
			isa = PBXProject;
			attributes = {
				BuildIndependentTargetsInParallel = 1;
				LastSwiftUpdateCheck = 1530;
				LastUpgradeCheck = 1530;
				TargetAttributes = {
					788AED642BE8DD2700D03FCC = {
						CreatedOnToolsVersion = 15.3;
					};
				};
			};
			buildConfigurationList = 788AED602BE8DD2700D03FCC /* Build configuration list for PBXProject "Macro" */;
			compatibilityVersion = "Xcode 14.0";
			developmentRegion = en;
			hasScannedForEncodings = 0;
			knownRegions = (
				en,
				Base,
			);
			mainGroup = 788AED5C2BE8DD2700D03FCC;
			productRefGroup = 788AED662BE8DD2700D03FCC /* Products */;
			projectDirPath = "";
			projectRoot = "";
			targets = (
				788AED642BE8DD2700D03FCC /* Macro */,
			);
		};
/* End PBXProject section */

/* Begin PBXResourcesBuildPhase section */
		788AED632BE8DD2700D03FCC /* Resources */ = {
			isa = PBXResourcesBuildPhase;
			buildActionMask = 2147483647;
			files = (
				788AED712BE8DD2B00D03FCC /* Preview Assets.xcassets in Resources */,
				788AED6D2BE8DD2B00D03FCC /* Assets.xcassets in Resources */,
			);
			runOnlyForDeploymentPostprocessing = 0;
		};
/* End PBXResourcesBuildPhase section */

/* Begin PBXSourcesBuildPhase section */
		788AED612BE8DD2700D03FCC /* Sources */ = {
			isa = PBXSourcesBuildPhase;
			buildActionMask = 2147483647;
			files = (
				78C588B12BFF2E1300D6C5DF /* ImageReviewView.swift in Sources */,
				780915C72BF3DFD700654352 /* ImageDiagramView.swift in Sources */,
				78340D8C2BF4F94800A229FF /* DiagramButtonView.swift in Sources */,
				780915C12BF21BF300654352 /* HomeView.swift in Sources */,
				B30284922BEC26C90046DBD2 /* RectanglesOverlayView.swift in Sources */,
				B30284862BE98C9A0046DBD2 /* CameraView.swift in Sources */,
				780915C52BF3557B00654352 /* DiagramModel.swift in Sources */,
				780915C32BF268E300654352 /* DiagramListView.swift in Sources */,
				780915BD2BECD91800654352 /* QuizzView.swift in Sources */,
				780BDD082BFF24EE00AA899F /* ZoomView.swift in Sources */,
				788AED6B2BE8DD2700D03FCC /* ContentView.swift in Sources */,
				B3A7099C2BFF485200C57DC0 /* Functions.swift in Sources */,
				78340D8E2BF4FB8900A229FF /* SearchBarView.swift in Sources */,
				780915C92BF4A38900654352 /* DiagramLabelModel.swift in Sources */,
				B30284882BE98CF90046DBD2 /* TextRecognition.swift in Sources */,
				788AED692BE8DD2700D03FCC /* MacroApp.swift in Sources */,
				780915BF2BEE26C800654352 /* WordReviewView.swift in Sources */,
			);
			runOnlyForDeploymentPostprocessing = 0;
		};
/* End PBXSourcesBuildPhase section */

/* Begin XCBuildConfiguration section */
		788AED722BE8DD2B00D03FCC /* Debug */ = {
			isa = XCBuildConfiguration;
			buildSettings = {
				ALWAYS_SEARCH_USER_PATHS = NO;
				ASSETCATALOG_COMPILER_GENERATE_SWIFT_ASSET_SYMBOL_EXTENSIONS = YES;
				CLANG_ANALYZER_NONNULL = YES;
				CLANG_ANALYZER_NUMBER_OBJECT_CONVERSION = YES_AGGRESSIVE;
				CLANG_CXX_LANGUAGE_STANDARD = "gnu++20";
				CLANG_ENABLE_MODULES = YES;
				CLANG_ENABLE_OBJC_ARC = YES;
				CLANG_ENABLE_OBJC_WEAK = YES;
				CLANG_WARN_BLOCK_CAPTURE_AUTORELEASING = YES;
				CLANG_WARN_BOOL_CONVERSION = YES;
				CLANG_WARN_COMMA = YES;
				CLANG_WARN_CONSTANT_CONVERSION = YES;
				CLANG_WARN_DEPRECATED_OBJC_IMPLEMENTATIONS = YES;
				CLANG_WARN_DIRECT_OBJC_ISA_USAGE = YES_ERROR;
				CLANG_WARN_DOCUMENTATION_COMMENTS = YES;
				CLANG_WARN_EMPTY_BODY = YES;
				CLANG_WARN_ENUM_CONVERSION = YES;
				CLANG_WARN_INFINITE_RECURSION = YES;
				CLANG_WARN_INT_CONVERSION = YES;
				CLANG_WARN_NON_LITERAL_NULL_CONVERSION = YES;
				CLANG_WARN_OBJC_IMPLICIT_RETAIN_SELF = YES;
				CLANG_WARN_OBJC_LITERAL_CONVERSION = YES;
				CLANG_WARN_OBJC_ROOT_CLASS = YES_ERROR;
				CLANG_WARN_QUOTED_INCLUDE_IN_FRAMEWORK_HEADER = YES;
				CLANG_WARN_RANGE_LOOP_ANALYSIS = YES;
				CLANG_WARN_STRICT_PROTOTYPES = YES;
				CLANG_WARN_SUSPICIOUS_MOVE = YES;
				CLANG_WARN_UNGUARDED_AVAILABILITY = YES_AGGRESSIVE;
				CLANG_WARN_UNREACHABLE_CODE = YES;
				CLANG_WARN__DUPLICATE_METHOD_MATCH = YES;
				COPY_PHASE_STRIP = NO;
				DEBUG_INFORMATION_FORMAT = dwarf;
				ENABLE_STRICT_OBJC_MSGSEND = YES;
				ENABLE_TESTABILITY = YES;
				ENABLE_USER_SCRIPT_SANDBOXING = YES;
				GCC_C_LANGUAGE_STANDARD = gnu17;
				GCC_DYNAMIC_NO_PIC = NO;
				GCC_NO_COMMON_BLOCKS = YES;
				GCC_OPTIMIZATION_LEVEL = 0;
				GCC_PREPROCESSOR_DEFINITIONS = (
					"DEBUG=1",
					"$(inherited)",
				);
				GCC_WARN_64_TO_32_BIT_CONVERSION = YES;
				GCC_WARN_ABOUT_RETURN_TYPE = YES_ERROR;
				GCC_WARN_UNDECLARED_SELECTOR = YES;
				GCC_WARN_UNINITIALIZED_AUTOS = YES_AGGRESSIVE;
				GCC_WARN_UNUSED_FUNCTION = YES;
				GCC_WARN_UNUSED_VARIABLE = YES;
				LOCALIZATION_PREFERS_STRING_CATALOGS = YES;
				MTL_ENABLE_DEBUG_INFO = INCLUDE_SOURCE;
				MTL_FAST_MATH = YES;
				ONLY_ACTIVE_ARCH = YES;
				SWIFT_ACTIVE_COMPILATION_CONDITIONS = "DEBUG $(inherited)";
				SWIFT_OPTIMIZATION_LEVEL = "-Onone";
			};
			name = Debug;
		};
		788AED732BE8DD2B00D03FCC /* Release */ = {
			isa = XCBuildConfiguration;
			buildSettings = {
				ALWAYS_SEARCH_USER_PATHS = NO;
				ASSETCATALOG_COMPILER_GENERATE_SWIFT_ASSET_SYMBOL_EXTENSIONS = YES;
				CLANG_ANALYZER_NONNULL = YES;
				CLANG_ANALYZER_NUMBER_OBJECT_CONVERSION = YES_AGGRESSIVE;
				CLANG_CXX_LANGUAGE_STANDARD = "gnu++20";
				CLANG_ENABLE_MODULES = YES;
				CLANG_ENABLE_OBJC_ARC = YES;
				CLANG_ENABLE_OBJC_WEAK = YES;
				CLANG_WARN_BLOCK_CAPTURE_AUTORELEASING = YES;
				CLANG_WARN_BOOL_CONVERSION = YES;
				CLANG_WARN_COMMA = YES;
				CLANG_WARN_CONSTANT_CONVERSION = YES;
				CLANG_WARN_DEPRECATED_OBJC_IMPLEMENTATIONS = YES;
				CLANG_WARN_DIRECT_OBJC_ISA_USAGE = YES_ERROR;
				CLANG_WARN_DOCUMENTATION_COMMENTS = YES;
				CLANG_WARN_EMPTY_BODY = YES;
				CLANG_WARN_ENUM_CONVERSION = YES;
				CLANG_WARN_INFINITE_RECURSION = YES;
				CLANG_WARN_INT_CONVERSION = YES;
				CLANG_WARN_NON_LITERAL_NULL_CONVERSION = YES;
				CLANG_WARN_OBJC_IMPLICIT_RETAIN_SELF = YES;
				CLANG_WARN_OBJC_LITERAL_CONVERSION = YES;
				CLANG_WARN_OBJC_ROOT_CLASS = YES_ERROR;
				CLANG_WARN_QUOTED_INCLUDE_IN_FRAMEWORK_HEADER = YES;
				CLANG_WARN_RANGE_LOOP_ANALYSIS = YES;
				CLANG_WARN_STRICT_PROTOTYPES = YES;
				CLANG_WARN_SUSPICIOUS_MOVE = YES;
				CLANG_WARN_UNGUARDED_AVAILABILITY = YES_AGGRESSIVE;
				CLANG_WARN_UNREACHABLE_CODE = YES;
				CLANG_WARN__DUPLICATE_METHOD_MATCH = YES;
				COPY_PHASE_STRIP = NO;
				DEBUG_INFORMATION_FORMAT = "dwarf-with-dsym";
				ENABLE_NS_ASSERTIONS = NO;
				ENABLE_STRICT_OBJC_MSGSEND = YES;
				ENABLE_USER_SCRIPT_SANDBOXING = YES;
				GCC_C_LANGUAGE_STANDARD = gnu17;
				GCC_NO_COMMON_BLOCKS = YES;
				GCC_WARN_64_TO_32_BIT_CONVERSION = YES;
				GCC_WARN_ABOUT_RETURN_TYPE = YES_ERROR;
				GCC_WARN_UNDECLARED_SELECTOR = YES;
				GCC_WARN_UNINITIALIZED_AUTOS = YES_AGGRESSIVE;
				GCC_WARN_UNUSED_FUNCTION = YES;
				GCC_WARN_UNUSED_VARIABLE = YES;
				LOCALIZATION_PREFERS_STRING_CATALOGS = YES;
				MTL_ENABLE_DEBUG_INFO = NO;
				MTL_FAST_MATH = YES;
				SWIFT_COMPILATION_MODE = wholemodule;
			};
			name = Release;
		};
		788AED752BE8DD2B00D03FCC /* Debug */ = {
			isa = XCBuildConfiguration;
			buildSettings = {
				ASSETCATALOG_COMPILER_APPICON_NAME = AppIcon;
				ASSETCATALOG_COMPILER_GLOBAL_ACCENT_COLOR_NAME = AccentColor;
				CODE_SIGN_ENTITLEMENTS = Macro/Macro.entitlements;
				CODE_SIGN_STYLE = Automatic;
				CURRENT_PROJECT_VERSION = 1;
				DEVELOPMENT_ASSET_PATHS = "\"Macro/Preview Content\"";
				DEVELOPMENT_TEAM = 6XT9AC4G36;
				ENABLE_HARDENED_RUNTIME = YES;
				ENABLE_PREVIEWS = YES;
				GENERATE_INFOPLIST_FILE = YES;
				INFOPLIST_KEY_NSCameraUsageDescription = "We need access to the camera to recognize text from the pictures you want";
				"INFOPLIST_KEY_UIApplicationSceneManifest_Generation[sdk=iphoneos*]" = YES;
				"INFOPLIST_KEY_UIApplicationSceneManifest_Generation[sdk=iphonesimulator*]" = YES;
				"INFOPLIST_KEY_UIApplicationSupportsIndirectInputEvents[sdk=iphoneos*]" = YES;
				"INFOPLIST_KEY_UIApplicationSupportsIndirectInputEvents[sdk=iphonesimulator*]" = YES;
				"INFOPLIST_KEY_UILaunchScreen_Generation[sdk=iphoneos*]" = YES;
				"INFOPLIST_KEY_UILaunchScreen_Generation[sdk=iphonesimulator*]" = YES;
				"INFOPLIST_KEY_UIStatusBarStyle[sdk=iphoneos*]" = UIStatusBarStyleDefault;
				"INFOPLIST_KEY_UIStatusBarStyle[sdk=iphonesimulator*]" = UIStatusBarStyleDefault;
				INFOPLIST_KEY_UISupportedInterfaceOrientations_iPad = "UIInterfaceOrientationPortrait UIInterfaceOrientationPortraitUpsideDown UIInterfaceOrientationLandscapeLeft UIInterfaceOrientationLandscapeRight";
				INFOPLIST_KEY_UISupportedInterfaceOrientations_iPhone = "UIInterfaceOrientationPortrait UIInterfaceOrientationLandscapeLeft UIInterfaceOrientationLandscapeRight";
				IPHONEOS_DEPLOYMENT_TARGET = 17.4;
				LD_RUNPATH_SEARCH_PATHS = "@executable_path/Frameworks";
				"LD_RUNPATH_SEARCH_PATHS[sdk=macosx*]" = "@executable_path/../Frameworks";
				MACOSX_DEPLOYMENT_TARGET = 14.1;
				MARKETING_VERSION = 1.0;
				PRODUCT_BUNDLE_IDENTIFIER = MichaelsTowers.Macro;
				PRODUCT_NAME = "$(TARGET_NAME)";
				SDKROOT = auto;
				SUPPORTED_PLATFORMS = "iphoneos iphonesimulator macosx";
				SWIFT_EMIT_LOC_STRINGS = YES;
				SWIFT_VERSION = 5.0;
				TARGETED_DEVICE_FAMILY = "1,2";
			};
			name = Debug;
		};
		788AED762BE8DD2B00D03FCC /* Release */ = {
			isa = XCBuildConfiguration;
			buildSettings = {
				ASSETCATALOG_COMPILER_APPICON_NAME = AppIcon;
				ASSETCATALOG_COMPILER_GLOBAL_ACCENT_COLOR_NAME = AccentColor;
				CODE_SIGN_ENTITLEMENTS = Macro/Macro.entitlements;
				CODE_SIGN_STYLE = Automatic;
				CURRENT_PROJECT_VERSION = 1;
				DEVELOPMENT_ASSET_PATHS = "\"Macro/Preview Content\"";
				DEVELOPMENT_TEAM = 6XT9AC4G36;
				ENABLE_HARDENED_RUNTIME = YES;
				ENABLE_PREVIEWS = YES;
				GENERATE_INFOPLIST_FILE = YES;
				INFOPLIST_KEY_NSCameraUsageDescription = "We need access to the camera to recognize text from the pictures you want";
				"INFOPLIST_KEY_UIApplicationSceneManifest_Generation[sdk=iphoneos*]" = YES;
				"INFOPLIST_KEY_UIApplicationSceneManifest_Generation[sdk=iphonesimulator*]" = YES;
				"INFOPLIST_KEY_UIApplicationSupportsIndirectInputEvents[sdk=iphoneos*]" = YES;
				"INFOPLIST_KEY_UIApplicationSupportsIndirectInputEvents[sdk=iphonesimulator*]" = YES;
				"INFOPLIST_KEY_UILaunchScreen_Generation[sdk=iphoneos*]" = YES;
				"INFOPLIST_KEY_UILaunchScreen_Generation[sdk=iphonesimulator*]" = YES;
				"INFOPLIST_KEY_UIStatusBarStyle[sdk=iphoneos*]" = UIStatusBarStyleDefault;
				"INFOPLIST_KEY_UIStatusBarStyle[sdk=iphonesimulator*]" = UIStatusBarStyleDefault;
				INFOPLIST_KEY_UISupportedInterfaceOrientations_iPad = "UIInterfaceOrientationPortrait UIInterfaceOrientationPortraitUpsideDown UIInterfaceOrientationLandscapeLeft UIInterfaceOrientationLandscapeRight";
				INFOPLIST_KEY_UISupportedInterfaceOrientations_iPhone = "UIInterfaceOrientationPortrait UIInterfaceOrientationLandscapeLeft UIInterfaceOrientationLandscapeRight";
				IPHONEOS_DEPLOYMENT_TARGET = 17.4;
				LD_RUNPATH_SEARCH_PATHS = "@executable_path/Frameworks";
				"LD_RUNPATH_SEARCH_PATHS[sdk=macosx*]" = "@executable_path/../Frameworks";
				MACOSX_DEPLOYMENT_TARGET = 14.1;
				MARKETING_VERSION = 1.0;
				PRODUCT_BUNDLE_IDENTIFIER = MichaelsTowers.Macro;
				PRODUCT_NAME = "$(TARGET_NAME)";
				SDKROOT = auto;
				SUPPORTED_PLATFORMS = "iphoneos iphonesimulator macosx";
				SWIFT_EMIT_LOC_STRINGS = YES;
				SWIFT_VERSION = 5.0;
				TARGETED_DEVICE_FAMILY = "1,2";
			};
			name = Release;
		};
/* End XCBuildConfiguration section */

/* Begin XCConfigurationList section */
		788AED602BE8DD2700D03FCC /* Build configuration list for PBXProject "Macro" */ = {
			isa = XCConfigurationList;
			buildConfigurations = (
				788AED722BE8DD2B00D03FCC /* Debug */,
				788AED732BE8DD2B00D03FCC /* Release */,
			);
			defaultConfigurationIsVisible = 0;
			defaultConfigurationName = Release;
		};
		788AED742BE8DD2B00D03FCC /* Build configuration list for PBXNativeTarget "Macro" */ = {
			isa = XCConfigurationList;
			buildConfigurations = (
				788AED752BE8DD2B00D03FCC /* Debug */,
				788AED762BE8DD2B00D03FCC /* Release */,
			);
			defaultConfigurationIsVisible = 0;
			defaultConfigurationName = Release;
		};
/* End XCConfigurationList section */
	};
	rootObject = 788AED5D2BE8DD2700D03FCC /* Project object */;
}
